{
    "name": "node-red-project",
    "version": "0.0.1",
    "lockfileVersion": 2,
    "requires": true,
    "packages": {
        "": {
            "name": "node-red-project",
            "version": "0.0.1",
            "dependencies": {
                "node-red-contrib-join-wait": "^0.3.5",
                "node-red-contrib-stoptimer": "~0.0.7"
            }
        },
        "node_modules/jsonata": {
            "version": "1.8.4",
            "resolved": "https://registry.npmjs.org/jsonata/-/jsonata-1.8.4.tgz",
            "integrity": "sha512-OqzmM5IICtm/687zckG5BROZzInGCEuKojpYs48H8RnkII8Np+o912ryvhnYwsRrSI24TQRG/qqrSwBuaneDbg==",
            "engines": {
                "node": ">= 8"
            }
        },
        "node_modules/node-red-contrib-join-wait": {
            "version": "0.3.5",
            "resolved": "https://registry.npmjs.org/node-red-contrib-join-wait/-/node-red-contrib-join-wait-0.3.5.tgz",
            "integrity": "sha512-l+Kv0JBy1x7g4RB+wH8z7L5T+ZJvqYDqqXNTFh4WXRXhxZb7IBCgcrhmdAoz8OChT9+scM9pZLgSVLYqzqKvfw==",
            "dependencies": {
                "jsonata": "^1.8.3"
            }
        },
        "node_modules/node-red-contrib-stoptimer": {
            "version": "0.0.7",
            "resolved": "https://registry.npmjs.org/node-red-contrib-stoptimer/-/node-red-contrib-stoptimer-0.0.7.tgz",
            "integrity": "sha512-nbci8LuR8SwZgvH28+55p1+Rig3qCAhlKNTk1C6NsN1W2mteuc15Kyzhmf869yhZdXsJMwXwK8G4p8JpS+Uqjw=="
        }
    },
    "dependencies": {
        "jsonata": {
            "version": "1.8.4",
            "resolved": "https://registry.npmjs.org/jsonata/-/jsonata-1.8.4.tgz",
            "integrity": "sha512-OqzmM5IICtm/687zckG5BROZzInGCEuKojpYs48H8RnkII8Np+o912ryvhnYwsRrSI24TQRG/qqrSwBuaneDbg=="
        },
        "node-red-contrib-join-wait": {
            "version": "0.3.5",
            "resolved": "https://registry.npmjs.org/node-red-contrib-join-wait/-/node-red-contrib-join-wait-0.3.5.tgz",
            "integrity": "sha512-l+Kv0JBy1x7g4RB+wH8z7L5T+ZJvqYDqqXNTFh4WXRXhxZb7IBCgcrhmdAoz8OChT9+scM9pZLgSVLYqzqKvfw==",
            "requires": {
                "jsonata": "^1.8.3"
            }
        },
        "node-red-contrib-stoptimer": {
            "version": "0.0.7",
            "resolved": "https://registry.npmjs.org/node-red-contrib-stoptimer/-/node-red-contrib-stoptimer-0.0.7.tgz",
            "integrity": "sha512-nbci8LuR8SwZgvH28+55p1+Rig3qCAhlKNTk1C6NsN1W2mteuc15Kyzhmf869yhZdXsJMwXwK8G4p8JpS+Uqjw=="
        }
    }
}
